<Solution>
  <Folder Name="/src/">
    <Project Path="src/Atlas3K.App/Atlas3K.App.csproj" />
    <Project Path="src/Atlas3K.Cli/Atlas3K.Cli.csproj" />
    <Project Path="src/Atlas3K.Core/Atlas3K.Core.csproj" />
    <Project Path="src/Atlas3K.Db/Atlas3K.Db.csproj" />
    <Project Path="src/Atlas3K.Formats/Atlas3K.Formats.csproj" />
    <Project Path="src/Atlas3K.Tests/Atlas3K.Tests.csproj" />
    <Project Path="src/Atlas3K.Web/Atlas3K.Web.csproj" />
  </Folder>
</Solution>
