<Solution>
  <Folder Name="/src/">
    <Project Path="src/TerryClone.App/TerryClone.App.csproj" />
    <Project Path="src/TerryClone.Cli/TerryClone.Cli.csproj" />
    <Project Path="src/TerryClone.Core/TerryClone.Core.csproj" />
    <Project Path="src/TerryClone.Db/TerryClone.Db.csproj" />
    <Project Path="src/TerryClone.Formats/TerryClone.Formats.csproj" />
    <Project Path="src/TerryClone.Tests/TerryClone.Tests.csproj" />
    <Project Path="src/TerryClone.Web/TerryClone.Web.csproj" />
  </Folder>
</Solution>
